github.com/go-playground/assert v1.2.1 h1:ad06XqC+TOv0nJWnbULSlh3ehp5uLuQEojZY5Tq8RgI=
github.com/go-playground/assert v1.2.1/go.mod h1:Lgy+k19nOB/wQG/fVSQ7rra5qYugmytMQqvQ2dgjWn8=
github.com/go-playground/assert/v2 v2.2.0 h1:JvknZsQTYeFEAhQwI4qEt9cyV5ONwRHC+lYKSsYSR8s=
github.com/go-playground/assert/v2 v2.2.0/go.mod h1:VDjEfimB/XKnb+ZQfWdccd7VUvScMdVu0Titje2rxJ4=
github.com/gofiber/fiber/v2 v2.52.1 h1:1RoU2NS+b98o1L77sdl5mboGPiW+0Ypsi5oLmcYlgHI=
github.com/gofiber/fiber/v2 v2.52.1/go.mod h1:KEOE+cXMhXG0zHc9d8+E38hoX+ZN7bhOtgeF2oT6jrQ=
github.com/pmezard/go-difflib v1.0.0 h1:4DBwDE0NGyQoBHbLQYPwSUPoCMWR5BEzIk/f1lZbAQM=
github.com/pmezard/go-difflib v1.0.0/go.mod h1:iKH77koFhYxTK1pcRnkKkqfTogsbg7gZNVY4sRDYZ/4=
github.com/valyala/bytebufferpool v1.0.0 h1:GqA5TC/0021Y/b9FG4Oi9Mr3q7XYx6KllzawFIhcdPw=
github.com/valyala/bytebufferpool v1.0.0/go.mod h1:6bBcMArwyJ5K/AmCkWv1jt77kVWyCJ6HpOuEn7z0Csc=
